
Microsoft Visual Studio Solution File, Format Version 12.00
# Visual Studio 2013
VisualStudioVersion = 12.0.31101.0
MinimumVisualStudioVersion = 10.0.40219.1
Project("{2150E333-8FDC-42A3-9474-1A3956D46DE8}") = "Labos", "Labos", "{D1F6B19D-9272-48F5-949B-A216BA946DAC}"
EndProject
Project("{8BC9CEB8-8B4A-11D0-8D11-00A0C91BC942}") = "Priprema1", "Priprema1\Priprema1.vcxproj", "{43CCE296-DF2B-4368-A1D6-C0F75B050763}"
EndProject
Project("{8BC9CEB8-8B4A-11D0-8D11-00A0C91BC942}") = "Priprema2", "Priprema2\Priprema2.vcxproj", "{90B5412B-DD85-458D-937A-35DFC4B1BAFD}"
EndProject
Project("{2150E333-8FDC-42A3-9474-1A3956D46DE8}") = "Vjezbanje", "Vjezbanje", "{E02545A4-0E3C-4897-AED7-0661DE03887F}"
EndProject
Project("{8BC9CEB8-8B4A-11D0-8D11-00A0C91BC942}") = "Plaza", "Plaza\Plaza.vcxproj", "{905F6363-C9F6-4F56-BEEF-69FBA81568C3}"
EndProject
Project("{8BC9CEB8-8B4A-11D0-8D11-00A0C91BC942}") = "Priprema3", "Priprema3\Priprema3.vcxproj", "{6D24D2E2-4829-4E82-BDBD-5D030033A1F6}"
EndProject
Project("{8BC9CEB8-8B4A-11D0-8D11-00A0C91BC942}") = "Priprema3_dodatak", "Priprema3_dodatak\Priprema3_dodatak.vcxproj", "{971506A9-C6E5-4FF3-A9A2-1AD76988FFDB}"
EndProject
Project("{8BC9CEB8-8B4A-11D0-8D11-00A0C91BC942}") = "Priprema4", "Priprema4\Priprema4.vcxproj", "{6E22B84F-625A-43B8-AEA8-ACABBA2507A9}"
EndProject
Project("{8BC9CEB8-8B4A-11D0-8D11-00A0C91BC942}") = "Priprema6", "Priprema6\Priprema6.vcxproj", "{91DBBFFF-F2C8-4864-8235-B29453C7487E}"
EndProject
Project("{8BC9CEB8-8B4A-11D0-8D11-00A0C91BC942}") = "Priprema6_prosirena", "Priprema6_prosirena\Priprema6_prosirena.vcxproj", "{ED464B81-1104-41E5-A64D-B9B04A47593A}"
EndProject
Project("{8BC9CEB8-8B4A-11D0-8D11-00A0C91BC942}") = "Priprema7", "Priprema7\Priprema7.vcxproj", "{7981CA65-FDA7-471F-9967-21FF73A41CB1}"
EndProject
Project("{8BC9CEB8-8B4A-11D0-8D11-00A0C91BC942}") = "Priprema8", "Priprema8\Priprema8.vcxproj", "{24878AFA-0648-4EC6-8B75-460BA4F3E68D}"
EndProject
Project("{8BC9CEB8-8B4A-11D0-8D11-00A0C91BC942}") = "Priprema8_prosirena", "Priprema8_prosirena\Priprema8_prosirena.vcxproj", "{6648D618-4259-4014-A354-D853B7BBAE5F}"
EndProject
Project("{8BC9CEB8-8B4A-11D0-8D11-00A0C91BC942}") = "Priprema9", "Priprema9\Priprema9.vcxproj", "{C0AF63E1-CAEF-44D4-8A7A-056334947BBB}"
EndProject
Project("{8BC9CEB8-8B4A-11D0-8D11-00A0C91BC942}") = "Priprema10", "Priprema10\Priprema10.vcxproj", "{251C091E-721A-43D8-BFDD-102E3EFBEC0D}"
EndProject
Project("{8BC9CEB8-8B4A-11D0-8D11-00A0C91BC942}") = "KolokvijVjezba", "KolokvijVjezba\KolokvijVjezba.vcxproj", "{EAFF726C-85F0-4607-9B25-1F8BB7BBBF6E}"
EndProject
Global
	GlobalSection(SolutionConfigurationPlatforms) = preSolution
		Debug|Win32 = Debug|Win32
		Release|Win32 = Release|Win32
	EndGlobalSection
	GlobalSection(ProjectConfigurationPlatforms) = postSolution
		{43CCE296-DF2B-4368-A1D6-C0F75B050763}.Debug|Win32.ActiveCfg = Debug|Win32
		{43CCE296-DF2B-4368-A1D6-C0F75B050763}.Debug|Win32.Build.0 = Debug|Win32
		{43CCE296-DF2B-4368-A1D6-C0F75B050763}.Release|Win32.ActiveCfg = Release|Win32
		{43CCE296-DF2B-4368-A1D6-C0F75B050763}.Release|Win32.Build.0 = Release|Win32
		{90B5412B-DD85-458D-937A-35DFC4B1BAFD}.Debug|Win32.ActiveCfg = Debug|Win32
		{90B5412B-DD85-458D-937A-35DFC4B1BAFD}.Debug|Win32.Build.0 = Debug|Win32
		{90B5412B-DD85-458D-937A-35DFC4B1BAFD}.Release|Win32.ActiveCfg = Release|Win32
		{90B5412B-DD85-458D-937A-35DFC4B1BAFD}.Release|Win32.Build.0 = Release|Win32
		{905F6363-C9F6-4F56-BEEF-69FBA81568C3}.Debug|Win32.ActiveCfg = Debug|Win32
		{905F6363-C9F6-4F56-BEEF-69FBA81568C3}.Debug|Win32.Build.0 = Debug|Win32
		{905F6363-C9F6-4F56-BEEF-69FBA81568C3}.Release|Win32.ActiveCfg = Release|Win32
		{905F6363-C9F6-4F56-BEEF-69FBA81568C3}.Release|Win32.Build.0 = Release|Win32
		{6D24D2E2-4829-4E82-BDBD-5D030033A1F6}.Debug|Win32.ActiveCfg = Debug|Win32
		{6D24D2E2-4829-4E82-BDBD-5D030033A1F6}.Debug|Win32.Build.0 = Debug|Win32
		{6D24D2E2-4829-4E82-BDBD-5D030033A1F6}.Release|Win32.ActiveCfg = Release|Win32
		{6D24D2E2-4829-4E82-BDBD-5D030033A1F6}.Release|Win32.Build.0 = Release|Win32
		{971506A9-C6E5-4FF3-A9A2-1AD76988FFDB}.Debug|Win32.ActiveCfg = Debug|Win32
		{971506A9-C6E5-4FF3-A9A2-1AD76988FFDB}.Debug|Win32.Build.0 = Debug|Win32
		{971506A9-C6E5-4FF3-A9A2-1AD76988FFDB}.Release|Win32.ActiveCfg = Release|Win32
		{971506A9-C6E5-4FF3-A9A2-1AD76988FFDB}.Release|Win32.Build.0 = Release|Win32
		{6E22B84F-625A-43B8-AEA8-ACABBA2507A9}.Debug|Win32.ActiveCfg = Debug|Win32
		{6E22B84F-625A-43B8-AEA8-ACABBA2507A9}.Debug|Win32.Build.0 = Debug|Win32
		{6E22B84F-625A-43B8-AEA8-ACABBA2507A9}.Release|Win32.ActiveCfg = Release|Win32
		{6E22B84F-625A-43B8-AEA8-ACABBA2507A9}.Release|Win32.Build.0 = Release|Win32
		{91DBBFFF-F2C8-4864-8235-B29453C7487E}.Debug|Win32.ActiveCfg = Debug|Win32
		{91DBBFFF-F2C8-4864-8235-B29453C7487E}.Debug|Win32.Build.0 = Debug|Win32
		{91DBBFFF-F2C8-4864-8235-B29453C7487E}.Release|Win32.ActiveCfg = Release|Win32
		{91DBBFFF-F2C8-4864-8235-B29453C7487E}.Release|Win32.Build.0 = Release|Win32
		{ED464B81-1104-41E5-A64D-B9B04A47593A}.Debug|Win32.ActiveCfg = Debug|Win32
		{ED464B81-1104-41E5-A64D-B9B04A47593A}.Debug|Win32.Build.0 = Debug|Win32
		{ED464B81-1104-41E5-A64D-B9B04A47593A}.Release|Win32.ActiveCfg = Release|Win32
		{ED464B81-1104-41E5-A64D-B9B04A47593A}.Release|Win32.Build.0 = Release|Win32
		{7981CA65-FDA7-471F-9967-21FF73A41CB1}.Debug|Win32.ActiveCfg = Debug|Win32
		{7981CA65-FDA7-471F-9967-21FF73A41CB1}.Debug|Win32.Build.0 = Debug|Win32
		{7981CA65-FDA7-471F-9967-21FF73A41CB1}.Release|Win32.ActiveCfg = Release|Win32
		{7981CA65-FDA7-471F-9967-21FF73A41CB1}.Release|Win32.Build.0 = Release|Win32
		{24878AFA-0648-4EC6-8B75-460BA4F3E68D}.Debug|Win32.ActiveCfg = Debug|Win32
		{24878AFA-0648-4EC6-8B75-460BA4F3E68D}.Debug|Win32.Build.0 = Debug|Win32
		{24878AFA-0648-4EC6-8B75-460BA4F3E68D}.Release|Win32.ActiveCfg = Release|Win32
		{24878AFA-0648-4EC6-8B75-460BA4F3E68D}.Release|Win32.Build.0 = Release|Win32
		{6648D618-4259-4014-A354-D853B7BBAE5F}.Debug|Win32.ActiveCfg = Debug|Win32
		{6648D618-4259-4014-A354-D853B7BBAE5F}.Debug|Win32.Build.0 = Debug|Win32
		{6648D618-4259-4014-A354-D853B7BBAE5F}.Release|Win32.ActiveCfg = Release|Win32
		{6648D618-4259-4014-A354-D853B7BBAE5F}.Release|Win32.Build.0 = Release|Win32
		{C0AF63E1-CAEF-44D4-8A7A-056334947BBB}.Debug|Win32.ActiveCfg = Debug|Win32
		{C0AF63E1-CAEF-44D4-8A7A-056334947BBB}.Debug|Win32.Build.0 = Debug|Win32
		{C0AF63E1-CAEF-44D4-8A7A-056334947BBB}.Release|Win32.ActiveCfg = Release|Win32
		{C0AF63E1-CAEF-44D4-8A7A-056334947BBB}.Release|Win32.Build.0 = Release|Win32
		{251C091E-721A-43D8-BFDD-102E3EFBEC0D}.Debug|Win32.ActiveCfg = Debug|Win32
		{251C091E-721A-43D8-BFDD-102E3EFBEC0D}.Debug|Win32.Build.0 = Debug|Win32
		{251C091E-721A-43D8-BFDD-102E3EFBEC0D}.Release|Win32.ActiveCfg = Release|Win32
		{251C091E-721A-43D8-BFDD-102E3EFBEC0D}.Release|Win32.Build.0 = Release|Win32
		{EAFF726C-85F0-4607-9B25-1F8BB7BBBF6E}.Debug|Win32.ActiveCfg = Debug|Win32
		{EAFF726C-85F0-4607-9B25-1F8BB7BBBF6E}.Debug|Win32.Build.0 = Debug|Win32
		{EAFF726C-85F0-4607-9B25-1F8BB7BBBF6E}.Release|Win32.ActiveCfg = Release|Win32
		{EAFF726C-85F0-4607-9B25-1F8BB7BBBF6E}.Release|Win32.Build.0 = Release|Win32
	EndGlobalSection
	GlobalSection(SolutionProperties) = preSolution
		HideSolutionNode = FALSE
	EndGlobalSection
	GlobalSection(NestedProjects) = preSolution
		{43CCE296-DF2B-4368-A1D6-C0F75B050763} = {D1F6B19D-9272-48F5-949B-A216BA946DAC}
		{90B5412B-DD85-458D-937A-35DFC4B1BAFD} = {D1F6B19D-9272-48F5-949B-A216BA946DAC}
		{905F6363-C9F6-4F56-BEEF-69FBA81568C3} = {E02545A4-0E3C-4897-AED7-0661DE03887F}
		{6D24D2E2-4829-4E82-BDBD-5D030033A1F6} = {D1F6B19D-9272-48F5-949B-A216BA946DAC}
		{971506A9-C6E5-4FF3-A9A2-1AD76988FFDB} = {D1F6B19D-9272-48F5-949B-A216BA946DAC}
		{6E22B84F-625A-43B8-AEA8-ACABBA2507A9} = {D1F6B19D-9272-48F5-949B-A216BA946DAC}
		{91DBBFFF-F2C8-4864-8235-B29453C7487E} = {D1F6B19D-9272-48F5-949B-A216BA946DAC}
		{ED464B81-1104-41E5-A64D-B9B04A47593A} = {D1F6B19D-9272-48F5-949B-A216BA946DAC}
		{7981CA65-FDA7-471F-9967-21FF73A41CB1} = {D1F6B19D-9272-48F5-949B-A216BA946DAC}
		{24878AFA-0648-4EC6-8B75-460BA4F3E68D} = {D1F6B19D-9272-48F5-949B-A216BA946DAC}
		{6648D618-4259-4014-A354-D853B7BBAE5F} = {D1F6B19D-9272-48F5-949B-A216BA946DAC}
		{C0AF63E1-CAEF-44D4-8A7A-056334947BBB} = {D1F6B19D-9272-48F5-949B-A216BA946DAC}
		{251C091E-721A-43D8-BFDD-102E3EFBEC0D} = {D1F6B19D-9272-48F5-949B-A216BA946DAC}
		{EAFF726C-85F0-4607-9B25-1F8BB7BBBF6E} = {E02545A4-0E3C-4897-AED7-0661DE03887F}
	EndGlobalSection
EndGlobal
